{
  "name": "miimiid",
  "version": "1.0.0",
  "lockfileVersion": 3,
  "requires": true,
  "packages": {
    "": {
      "name": "miimiid",
      "version": "1.0.0",
      "license": "ISC",
      "dependencies": {
        "cookie-parser": "^1.4.7",
        "dotenv": "^17.4.2",
        "express": "^5.2.1",
        "express-rate-limit": "^8.7.0",
        "mongoose": "^9.9.1",
        "nodemailer": "^9.0.5",
        "openai": "^7.4.0"
      }
    }
  }
}
